// !$*UTF8*$!
{
	archiveVersion = 1;
	classes = {
	};
	objectVersion = 50;
	objects = {

/* Begin PBXBuildFile section */
		057EC79423CDBFAD0028210C /* AppDelegate.swift in Sources */ = {isa = PBXBuildFile; fileRef = 057EC79323CDBFAD0028210C /* AppDelegate.swift */; };
		057EC79623CDBFAD0028210C /* SceneDelegate.swift in Sources */ = {isa = PBXBuildFile; fileRef = 057EC79523CDBFAD0028210C /* SceneDelegate.swift */; };
		057EC79823CDBFAD0028210C /* ContentView.swift in Sources */ = {isa = PBXBuildFile; fileRef = 057EC79723CDBFAD0028210C /* ContentView.swift */; };
		057EC79A23CDBFB00028210C /* Assets.xcassets in Resources */ = {isa = PBXBuildFile; fileRef = 057EC79923CDBFB00028210C /* Assets.xcassets */; };
		057EC79D23CDBFB00028210C /* Preview Assets.xcassets in Resources */ = {isa = PBXBuildFile; fileRef = 057EC79C23CDBFB00028210C /* Preview Assets.xcassets */; };
		057EC7A023CDBFB00028210C /* LaunchScreen.storyboard in Resources */ = {isa = PBXBuildFile; fileRef = 057EC79E23CDBFB00028210C /* LaunchScreen.storyboard */; };
		057EC7A823CDC0450028210C /* Helper.swift in Sources */ = {isa = PBXBuildFile; fileRef = 057EC7A723CDC0450028210C /* Helper.swift */; };
		057EC7AA23CDCB2A0028210C /* TimerManager.swift in Sources */ = {isa = PBXBuildFile; fileRef = 057EC7A923CDCB2A0028210C /* TimerManager.swift */; };
/* End PBXBuildFile section */

/* Begin PBXFileReference section */
		057EC79023CDBFAD0028210C /* TimerApp.app */ = {isa = PBXFileReference; explicitFileType = wrapper.application; includeInIndex = 0; path = TimerApp.app; sourceTree = BUILT_PRODUCTS_DIR; };
		057EC79323CDBFAD0028210C /* AppDelegate.swift */ = {isa = PBXFileReference; lastKnownFileType = sourcecode.swift; path = AppDelegate.swift; sourceTree = "<group>"; };
		057EC79523CDBFAD0028210C /* SceneDelegate.swift */ = {isa = PBXFileReference; lastKnownFileType = sourcecode.swift; path = SceneDelegate.swift; sourceTree = "<group>"; };
		057EC79723CDBFAD0028210C /* ContentView.swift */ = {isa = PBXFileReference; lastKnownFileType = sourcecode.swift; path = ContentView.swift; sourceTree = "<group>"; };
		057EC79923CDBFB00028210C /* Assets.xcassets */ = {isa = PBXFileReference; lastKnownFileType = folder.assetcatalog; path = Assets.xcassets; sourceTree = "<group>"; };
		057EC79C23CDBFB00028210C /* Preview Assets.xcassets */ = {isa = PBXFileReference; lastKnownFileType = folder.assetcatalog; path = "Preview Assets.xcassets"; sourceTree = "<group>"; };
		057EC79F23CDBFB00028210C /* Base */ = {isa = PBXFileReference; lastKnownFileType = file.storyboard; name = Base; path = Base.lproj/LaunchScreen.storyboard; sourceTree = "<group>"; };
		057EC7A123CDBFB00028210C /* Info.plist */ = {isa = PBXFileReference; lastKnownFileType = text.plist.xml; path = Info.plist; sourceTree = "<group>"; };
		057EC7A723CDC0450028210C /* Helper.swift */ = {isa = PBXFileReference; lastKnownFileType = sourcecode.swift; path = Helper.swift; sourceTree = "<group>"; };
		057EC7A923CDCB2A0028210C /* TimerManager.swift */ = {isa = PBXFileReference; lastKnownFileType = sourcecode.swift; path = TimerManager.swift; sourceTree = "<group>"; };
/* End PBXFileReference section */

/* Begin PBXFrameworksBuildPhase section */
		057EC78D23CDBFAD0028210C /* Frameworks */ = {
			isa = PBXFrameworksBuildPhase;
			buildActionMask = 2147483647;
			files = (
			);
			runOnlyForDeploymentPostprocessing = 0;
		};
/* End PBXFrameworksBuildPhase section */

/* Begin PBXGroup section */
		057EC78723CDBFAD0028210C = {
			isa = PBXGroup;
			children = (
				057EC7A723CDC0450028210C /* Helper.swift */,
				057EC79223CDBFAD0028210C /* TimerApp */,
				057EC79123CDBFAD0028210C /* Products */,
			);
			sourceTree = "<group>";
		};
		057EC79123CDBFAD0028210C /* Products */ = {
			isa = PBXGroup;
			children = (
				057EC79023CDBFAD0028210C /* TimerApp.app */,
			);
			name = Products;
			sourceTree = "<group>";
		};
		057EC79223CDBFAD0028210C /* TimerApp */ = {
			isa = PBXGroup;
			children = (
				057EC79323CDBFAD0028210C /* AppDelegate.swift */,
				057EC79523CDBFAD0028210C /* SceneDelegate.swift */,
				057EC79723CDBFAD0028210C /* ContentView.swift */,
				057EC7A923CDCB2A0028210C /* TimerManager.swift */,
				057EC79923CDBFB00028210C /* Assets.xcassets */,
				057EC79E23CDBFB00028210C /* LaunchScreen.storyboard */,
				057EC7A123CDBFB00028210C /* Info.plist */,
				057EC79B23CDBFB00028210C /* Preview Content */,
			);
			path = TimerApp;
			sourceTree = "<group>";
		};
		057EC79B23CDBFB00028210C /* Preview Content */ = {
			isa = PBXGroup;
			children = (
				057EC79C23CDBFB00028210C /* Preview Assets.xcassets */,
			);
			path = "Preview Content";
			sourceTree = "<group>";
		};
/* End PBXGroup section */

/* Begin PBXNativeTarget section */
		057EC78F23CDBFAD0028210C /* TimerApp */ = {
			isa = PBXNativeTarget;
			buildConfigurationList = 057EC7A423CDBFB00028210C /* Build configuration list for PBXNativeTarget "TimerApp" */;
			buildPhases = (
				057EC78C23CDBFAD0028210C /* Sources */,
				057EC78D23CDBFAD0028210C /* Frameworks */,
				057EC78E23CDBFAD0028210C /* Resources */,
			);
			buildRules = (
			);
			dependencies = (
			);
			name = TimerApp;
			productName = TimerApp;
			productReference = 057EC79023CDBFAD0028210C /* TimerApp.app */;
			productType = "com.apple.product-type.application";
		};
/* End PBXNativeTarget section */

/* Begin PBXProject section */
		057EC78823CDBFAD0028210C /* Project object */ = {
			isa = PBXProject;
			attributes = {
				LastSwiftUpdateCheck = 1130;
				LastUpgradeCheck = 1130;
				ORGANIZATIONNAME = "Etornam Sunu";
				TargetAttributes = {
					057EC78F23CDBFAD0028210C = {
						CreatedOnToolsVersion = 11.3;
					};
				};
			};
			buildConfigurationList = 057EC78B23CDBFAD0028210C /* Build configuration list for PBXProject "TimerApp" */;
			compatibilityVersion = "Xcode 9.3";
			developmentRegion = en;
			hasScannedForEncodings = 0;
			knownRegions = (
				en,
				Base,
			);
			mainGroup = 057EC78723CDBFAD0028210C;
			productRefGroup = 057EC79123CDBFAD0028210C /* Products */;
			projectDirPath = "";
			projectRoot = "";
			targets = (
				057EC78F23CDBFAD0028210C /* TimerApp */,
			);
		};
/* End PBXProject section */

/* Begin PBXResourcesBuildPhase section */
		057EC78E23CDBFAD0028210C /* Resources */ = {
			isa = PBXResourcesBuildPhase;
			buildActionMask = 2147483647;
			files = (
				057EC7A023CDBFB00028210C /* LaunchScreen.storyboard in Resources */,
				057EC79D23CDBFB00028210C /* Preview Assets.xcassets in Resources */,
				057EC79A23CDBFB00028210C /* Assets.xcassets in Resources */,
			);
			runOnlyForDeploymentPostprocessing = 0;
		};
/* End PBXResourcesBuildPhase section */

/* Begin PBXSourcesBuildPhase section */
		057EC78C23CDBFAD0028210C /* Sources */ = {
			isa = PBXSourcesBuildPhase;
			buildActionMask = 2147483647;
			files = (
				057EC79423CDBFAD0028210C /* AppDelegate.swift in Sources */,
				057EC7AA23CDCB2A0028210C /* TimerManager.swift in Sources */,
				057EC79623CDBFAD0028210C /* SceneDelegate.swift in Sources */,
				057EC79823CDBFAD0028210C /* ContentView.swift in Sources */,
				057EC7A823CDC0450028210C /* Helper.swift in Sources */,
			);
			runOnlyForDeploymentPostprocessing = 0;
		};
/* End PBXSourcesBuildPhase section */

/* Begin PBXVariantGroup section */
		057EC79E23CDBFB00028210C /* LaunchScreen.storyboard */ = {
			isa = PBXVariantGroup;
			children = (
				057EC79F23CDBFB00028210C /* Base */,
			);
			name = LaunchScreen.storyboard;
			sourceTree = "<group>";
		};
/* End PBXVariantGroup section */

/* Begin XCBuildConfiguration section */
		057EC7A223CDBFB00028210C /* Debug */ = {
			isa = XCBuildConfiguration;
			buildSettings = {
				ALWAYS_SEARCH_USER_PATHS = NO;
				CLANG_ANALYZER_NONNULL = YES;
				CLANG_ANALYZER_NUMBER_OBJECT_CONVERSION = YES_AGGRESSIVE;
				CLANG_CXX_LANGUAGE_STANDARD = "gnu++14";
				CLANG_CXX_LIBRARY = "libc++";
				CLANG_ENABLE_MODULES = YES;
				CLANG_ENABLE_OBJC_ARC = YES;
				CLANG_ENABLE_OBJC_WEAK = YES;
				CLANG_WARN_BLOCK_CAPTURE_AUTORELEASING = YES;
				CLANG_WARN_BOOL_CONVERSION = YES;
				CLANG_WARN_COMMA = YES;
				CLANG_WARN_CONSTANT_CONVERSION = YES;
				CLANG_WARN_DEPRECATED_OBJC_IMPLEMENTATIONS = YES;
				CLANG_WARN_DIRECT_OBJC_ISA_USAGE = YES_ERROR;
				CLANG_WARN_DOCUMENTATION_COMMENTS = YES;
				CLANG_WARN_EMPTY_BODY = YES;
				CLANG_WARN_ENUM_CONVERSION = YES;
				CLANG_WARN_INFINITE_RECURSION = YES;
				CLANG_WARN_INT_CONVERSION = YES;
				CLANG_WARN_NON_LITERAL_NULL_CONVERSION = YES;
				CLANG_WARN_OBJC_IMPLICIT_RETAIN_SELF = YES;
				CLANG_WARN_OBJC_LITERAL_CONVERSION = YES;
				CLANG_WARN_OBJC_ROOT_CLASS = YES_ERROR;
				CLANG_WARN_RANGE_LOOP_ANALYSIS = YES;
				CLANG_WARN_STRICT_PROTOTYPES = YES;
				CLANG_WARN_SUSPICIOUS_MOVE = YES;
				CLANG_WARN_UNGUARDED_AVAILABILITY = YES_AGGRESSIVE;
				CLANG_WARN_UNREACHABLE_CODE = YES;
				CLANG_WARN__DUPLICATE_METHOD_MATCH = YES;
				COPY_PHASE_STRIP = NO;
				DEBUG_INFORMATION_FORMAT = dwarf;
				ENABLE_STRICT_OBJC_MSGSEND = YES;
				ENABLE_TESTABILITY = YES;
				GCC_C_LANGUAGE_STANDARD = gnu11;
				GCC_DYNAMIC_NO_PIC = NO;
				GCC_NO_COMMON_BLOCKS = YES;
				GCC_OPTIMIZATION_LEVEL = 0;
				GCC_PREPROCESSOR_DEFINITIONS = (
					"DEBUG=1",
					"$(inherited)",
				);
				GCC_WARN_64_TO_32_BIT_CONVERSION = YES;
				GCC_WARN_ABOUT_RETURN_TYPE = YES_ERROR;
				GCC_WARN_UNDECLARED_SELECTOR = YES;
				GCC_WARN_UNINITIALIZED_AUTOS = YES_AGGRESSIVE;
				GCC_WARN_UNUSED_FUNCTION = YES;
				GCC_WARN_UNUSED_VARIABLE = YES;
				IPHONEOS_DEPLOYMENT_TARGET = 13.2;
				MTL_ENABLE_DEBUG_INFO = INCLUDE_SOURCE;
				MTL_FAST_MATH = YES;
				ONLY_ACTIVE_ARCH = YES;
				SDKROOT = iphoneos;
				SWIFT_ACTIVE_COMPILATION_CONDITIONS = DEBUG;
				SWIFT_OPTIMIZATION_LEVEL = "-Onone";
			};
			name = Debug;
		};
		057EC7A323CDBFB00028210C /* Release */ = {
			isa = XCBuildConfiguration;
			buildSettings = {
				ALWAYS_SEARCH_USER_PATHS = NO;
				CLANG_ANALYZER_NONNULL = YES;
				CLANG_ANALYZER_NUMBER_OBJECT_CONVERSION = YES_AGGRESSIVE;
				CLANG_CXX_LANGUAGE_STANDARD = "gnu++14";
				CLANG_CXX_LIBRARY = "libc++";
				CLANG_ENABLE_MODULES = YES;
				CLANG_ENABLE_OBJC_ARC = YES;
				CLANG_ENABLE_OBJC_WEAK = YES;
				CLANG_WARN_BLOCK_CAPTURE_AUTORELEASING = YES;
				CLANG_WARN_BOOL_CONVERSION = YES;
				CLANG_WARN_COMMA = YES;
				CLANG_WARN_CONSTANT_CONVERSION = YES;
				CLANG_WARN_DEPRECATED_OBJC_IMPLEMENTATIONS = YES;
				CLANG_WARN_DIRECT_OBJC_ISA_USAGE = YES_ERROR;
				CLANG_WARN_DOCUMENTATION_COMMENTS = YES;
				CLANG_WARN_EMPTY_BODY = YES;
				CLANG_WARN_ENUM_CONVERSION = YES;
				CLANG_WARN_INFINITE_RECURSION = YES;
				CLANG_WARN_INT_CONVERSION = YES;
				CLANG_WARN_NON_LITERAL_NULL_CONVERSION = YES;
				CLANG_WARN_OBJC_IMPLICIT_RETAIN_SELF = YES;
				CLANG_WARN_OBJC_LITERAL_CONVERSION = YES;
				CLANG_WARN_OBJC_ROOT_CLASS = YES_ERROR;
				CLANG_WARN_RANGE_LOOP_ANALYSIS = YES;
				CLANG_WARN_STRICT_PROTOTYPES = YES;
				CLANG_WARN_SUSPICIOUS_MOVE = YES;
				CLANG_WARN_UNGUARDED_AVAILABILITY = YES_AGGRESSIVE;
				CLANG_WARN_UNREACHABLE_CODE = YES;
				CLANG_WARN__DUPLICATE_METHOD_MATCH = YES;
				COPY_PHASE_STRIP = NO;
				DEBUG_INFORMATION_FORMAT = "dwarf-with-dsym";
				ENABLE_NS_ASSERTIONS = NO;
				ENABLE_STRICT_OBJC_MSGSEND = YES;
				GCC_C_LANGUAGE_STANDARD = gnu11;
				GCC_NO_COMMON_BLOCKS = YES;
				GCC_WARN_64_TO_32_BIT_CONVERSION = YES;
				GCC_WARN_ABOUT_RETURN_TYPE = YES_ERROR;
				GCC_WARN_UNDECLARED_SELECTOR = YES;
				GCC_WARN_UNINITIALIZED_AUTOS = YES_AGGRESSIVE;
				GCC_WARN_UNUSED_FUNCTION = YES;
				GCC_WARN_UNUSED_VARIABLE = YES;
				IPHONEOS_DEPLOYMENT_TARGET = 13.2;
				MTL_ENABLE_DEBUG_INFO = NO;
				MTL_FAST_MATH = YES;
				SDKROOT = iphoneos;
				SWIFT_COMPILATION_MODE = wholemodule;
				SWIFT_OPTIMIZATION_LEVEL = "-O";
				VALIDATE_PRODUCT = YES;
			};
			name = Release;
		};
		057EC7A523CDBFB00028210C /* Debug */ = {
			isa = XCBuildConfiguration;
			buildSettings = {
				ASSETCATALOG_COMPILER_APPICON_NAME = AppIcon;
				CODE_SIGN_STYLE = Automatic;
				DEVELOPMENT_ASSET_PATHS = "\"TimerApp/Preview Content\"";
				DEVELOPMENT_TEAM = 5389BR87T2;
				ENABLE_PREVIEWS = YES;
				INFOPLIST_FILE = TimerApp/Info.plist;
				LD_RUNPATH_SEARCH_PATHS = (
					"$(inherited)",
					"@executable_path/Frameworks",
				);
				PRODUCT_BUNDLE_IDENTIFIER = co.etornam.TimerApp;
				PRODUCT_NAME = "$(TARGET_NAME)";
				SWIFT_VERSION = 5.0;
				TARGETED_DEVICE_FAMILY = "1,2";
			};
			name = Debug;
		};
		057EC7A623CDBFB00028210C /* Release */ = {
			isa = XCBuildConfiguration;
			buildSettings = {
				ASSETCATALOG_COMPILER_APPICON_NAME = AppIcon;
				CODE_SIGN_STYLE = Automatic;
				DEVELOPMENT_ASSET_PATHS = "\"TimerApp/Preview Content\"";
				DEVELOPMENT_TEAM = 5389BR87T2;
				ENABLE_PREVIEWS = YES;
				INFOPLIST_FILE = TimerApp/Info.plist;
				LD_RUNPATH_SEARCH_PATHS = (
					"$(inherited)",
					"@executable_path/Frameworks",
				);
				PRODUCT_BUNDLE_IDENTIFIER = co.etornam.TimerApp;
				PRODUCT_NAME = "$(TARGET_NAME)";
				SWIFT_VERSION = 5.0;
				TARGETED_DEVICE_FAMILY = "1,2";
			};
			name = Release;
		};
/* End XCBuildConfiguration section */

/* Begin XCConfigurationList section */
		057EC78B23CDBFAD0028210C /* Build configuration list for PBXProject "TimerApp" */ = {
			isa = XCConfigurationList;
			buildConfigurations = (
				057EC7A223CDBFB00028210C /* Debug */,
				057EC7A323CDBFB00028210C /* Release */,
			);
			defaultConfigurationIsVisible = 0;
			defaultConfigurationName = Release;
		};
		057EC7A423CDBFB00028210C /* Build configuration list for PBXNativeTarget "TimerApp" */ = {
			isa = XCConfigurationList;
			buildConfigurations = (
				057EC7A523CDBFB00028210C /* Debug */,
				057EC7A623CDBFB00028210C /* Release */,
			);
			defaultConfigurationIsVisible = 0;
			defaultConfigurationName = Release;
		};
/* End XCConfigurationList section */
	};
	rootObject = 057EC78823CDBFAD0028210C /* Project object */;
}
